// !$*UTF8*$!
{
	archiveVersion = 1;
	classes = {
	};
	objectVersion = 46;
	objects = {

/* Begin PBXBuildFile section */
		859EE2D31FA72E7E00B48118 /* main.m in Sources */ = {isa = PBXBuildFile; fileRef = 859EE2D21FA72E7E00B48118 /* main.m */; };
		859EE2D61FA72E7E00B48118 /* AppDelegate.m in Sources */ = {isa = PBXBuildFile; fileRef = 859EE2D51FA72E7E00B48118 /* AppDelegate.m */; };
		859EE2D91FA72E7E00B48118 /* ViewController.m in Sources */ = {isa = PBXBuildFile; fileRef = 859EE2D81FA72E7E00B48118 /* ViewController.m */; };
		859EE2DC1FA72E7E00B48118 /* Main.storyboard in Resources */ = {isa = PBXBuildFile; fileRef = 859EE2DA1FA72E7E00B48118 /* Main.storyboard */; };
		859EE2DE1FA72E7E00B48118 /* Assets.xcassets in Resources */ = {isa = PBXBuildFile; fileRef = 859EE2DD1FA72E7E00B48118 /* Assets.xcassets */; };
		859EE2E11FA72E7E00B48118 /* LaunchScreen.storyboard in Resources */ = {isa = PBXBuildFile; fileRef = 859EE2DF1FA72E7E00B48118 /* LaunchScreen.storyboard */; };
/* End PBXBuildFile section */

/* Begin PBXFileReference section */
		859EE2CE1FA72E7E00B48118 /* OLButton.app */ = {isa = PBXFileReference; explicitFileType = wrapper.application; includeInIndex = 0; path = OLButton.app; sourceTree = BUILT_PRODUCTS_DIR; };
		859EE2D21FA72E7E00B48118 /* main.m */ = {isa = PBXFileReference; lastKnownFileType = sourcecode.c.objc; path = main.m; sourceTree = "<group>"; };
		859EE2D41FA72E7E00B48118 /* AppDelegate.h */ = {isa = PBXFileReference; lastKnownFileType = sourcecode.c.h; path = AppDelegate.h; sourceTree = "<group>"; };
		859EE2D51FA72E7E00B48118 /* AppDelegate.m */ = {isa = PBXFileReference; lastKnownFileType = sourcecode.c.objc; path = AppDelegate.m; sourceTree = "<group>"; };
		859EE2D71FA72E7E00B48118 /* ViewController.h */ = {isa = PBXFileReference; lastKnownFileType = sourcecode.c.h; path = ViewController.h; sourceTree = "<group>"; };
		859EE2D81FA72E7E00B48118 /* ViewController.m */ = {isa = PBXFileReference; lastKnownFileType = sourcecode.c.objc; path = ViewController.m; sourceTree = "<group>"; };
		859EE2DB1FA72E7E00B48118 /* Base */ = {isa = PBXFileReference; lastKnownFileType = file.storyboard; name = Base; path = Base.lproj/Main.storyboard; sourceTree = "<group>"; };
		859EE2DD1FA72E7E00B48118 /* Assets.xcassets */ = {isa = PBXFileReference; lastKnownFileType = folder.assetcatalog; path = Assets.xcassets; sourceTree = "<group>"; };
		859EE2E01FA72E7E00B48118 /* Base */ = {isa = PBXFileReference; lastKnownFileType = file.storyboard; name = Base; path = Base.lproj/LaunchScreen.storyboard; sourceTree = "<group>"; };
		859EE2E21FA72E7E00B48118 /* Info.plist */ = {isa = PBXFileReference; lastKnownFileType = text.plist.xml; path = Info.plist; sourceTree = "<group>"; };
/* End PBXFileReference section */

/* Begin PBXFrameworksBuildPhase section */
		859EE2CB1FA72E7E00B48118 /* Frameworks */ = {
			isa = PBXFrameworksBuildPhase;
			buildActionMask = 2147483647;
			files = (
			);
			runOnlyForDeploymentPostprocessing = 0;
		};
/* End PBXFrameworksBuildPhase section */

/* Begin PBXGroup section */
		859EE2C51FA72E7E00B48118 = {
			isa = PBXGroup;
			children = (
				859EE2D01FA72E7E00B48118 /* OLButton */,
				859EE2CF1FA72E7E00B48118 /* Products */,
			);
			sourceTree = "<group>";
		};
		859EE2CF1FA72E7E00B48118 /* Products */ = {
			isa = PBXGroup;
			children = (
				859EE2CE1FA72E7E00B48118 /* OLButton.app */,
			);
			name = Products;
			sourceTree = "<group>";
		};
		859EE2D01FA72E7E00B48118 /* OLButton */ = {
			isa = PBXGroup;
			children = (
				859EE2D41FA72E7E00B48118 /* AppDelegate.h */,
				859EE2D51FA72E7E00B48118 /* AppDelegate.m */,
				859EE2D71FA72E7E00B48118 /* ViewController.h */,
				859EE2D81FA72E7E00B48118 /* ViewController.m */,
				859EE2DA1FA72E7E00B48118 /* Main.storyboard */,
				859EE2DD1FA72E7E00B48118 /* Assets.xcassets */,
				859EE2DF1FA72E7E00B48118 /* LaunchScreen.storyboard */,
				859EE2E21FA72E7E00B48118 /* Info.plist */,
				859EE2D11FA72E7E00B48118 /* Supporting Files */,
			);
			path = OLButton;
			sourceTree = "<group>";
		};
		859EE2D11FA72E7E00B48118 /* Supporting Files */ = {
			isa = PBXGroup;
			children = (
				859EE2D21FA72E7E00B48118 /* main.m */,
			);
			name = "Supporting Files";
			sourceTree = "<group>";
		};
/* End PBXGroup section */

/* Begin PBXNativeTarget section */
		859EE2CD1FA72E7E00B48118 /* OLButton */ = {
			isa = PBXNativeTarget;
			buildConfigurationList = 859EE2E51FA72E7E00B48118 /* Build configuration list for PBXNativeTarget "OLButton" */;
			buildPhases = (
				859EE2CA1FA72E7E00B48118 /* Sources */,
				859EE2CB1FA72E7E00B48118 /* Frameworks */,
				859EE2CC1FA72E7E00B48118 /* Resources */,
			);
			buildRules = (
			);
			dependencies = (
			);
			name = OLButton;
			productName = OLButton;
			productReference = 859EE2CE1FA72E7E00B48118 /* OLButton.app */;
			productType = "com.apple.product-type.application";
		};
/* End PBXNativeTarget section */

/* Begin PBXProject section */
		859EE2C61FA72E7E00B48118 /* Project object */ = {
			isa = PBXProject;
			attributes = {
				LastUpgradeCheck = 0830;
				ORGANIZATIONNAME = "卓健科技";
				TargetAttributes = {
					859EE2CD1FA72E7E00B48118 = {
						CreatedOnToolsVersion = 8.3;
						DevelopmentTeam = DKDGV92EG3;
						ProvisioningStyle = Automatic;
					};
				};
			};
			buildConfigurationList = 859EE2C91FA72E7E00B48118 /* Build configuration list for PBXProject "OLButton" */;
			compatibilityVersion = "Xcode 3.2";
			developmentRegion = English;
			hasScannedForEncodings = 0;
			knownRegions = (
				en,
				Base,
			);
			mainGroup = 859EE2C51FA72E7E00B48118;
			productRefGroup = 859EE2CF1FA72E7E00B48118 /* Products */;
			projectDirPath = "";
			projectRoot = "";
			targets = (
				859EE2CD1FA72E7E00B48118 /* OLButton */,
			);
		};
/* End PBXProject section */

/* Begin PBXResourcesBuildPhase section */
		859EE2CC1FA72E7E00B48118 /* Resources */ = {
			isa = PBXResourcesBuildPhase;
			buildActionMask = 2147483647;
			files = (
				859EE2E11FA72E7E00B48118 /* LaunchScreen.storyboard in Resources */,
				859EE2DE1FA72E7E00B48118 /* Assets.xcassets in Resources */,
				859EE2DC1FA72E7E00B48118 /* Main.storyboard in Resources */,
			);
			runOnlyForDeploymentPostprocessing = 0;
		};
/* End PBXResourcesBuildPhase section */

/* Begin PBXSourcesBuildPhase section */
		859EE2CA1FA72E7E00B48118 /* Sources */ = {
			isa = PBXSourcesBuildPhase;
			buildActionMask = 2147483647;
			files = (
				859EE2D91FA72E7E00B48118 /* ViewController.m in Sources */,
				859EE2D61FA72E7E00B48118 /* AppDelegate.m in Sources */,
				859EE2D31FA72E7E00B48118 /* main.m in Sources */,
			);
			runOnlyForDeploymentPostprocessing = 0;
		};
/* End PBXSourcesBuildPhase section */

/* Begin PBXVariantGroup section */
		859EE2DA1FA72E7E00B48118 /* Main.storyboard */ = {
			isa = PBXVariantGroup;
			children = (
				859EE2DB1FA72E7E00B48118 /* Base */,
			);
			name = Main.storyboard;
			sourceTree = "<group>";
		};
		859EE2DF1FA72E7E00B48118 /* LaunchScreen.storyboard */ = {
			isa = PBXVariantGroup;
			children = (
				859EE2E01FA72E7E00B48118 /* Base */,
			);
			name = LaunchScreen.storyboard;
			sourceTree = "<group>";
		};
/* End PBXVariantGroup section */

/* Begin XCBuildConfiguration section */
		859EE2E31FA72E7E00B48118 /* Debug */ = {
			isa = XCBuildConfiguration;
			buildSettings = {
				ALWAYS_SEARCH_USER_PATHS = NO;
				CLANG_ANALYZER_NONNULL = YES;
				CLANG_ANALYZER_NUMBER_OBJECT_CONVERSION = YES_AGGRESSIVE;
				CLANG_CXX_LANGUAGE_STANDARD = "gnu++0x";
				CLANG_CXX_LIBRARY = "libc++";
				CLANG_ENABLE_MODULES = YES;
				CLANG_ENABLE_OBJC_ARC = YES;
				CLANG_WARN_BOOL_CONVERSION = YES;
				CLANG_WARN_CONSTANT_CONVERSION = YES;
				CLANG_WARN_DIRECT_OBJC_ISA_USAGE = YES_ERROR;
				CLANG_WARN_DOCUMENTATION_COMMENTS = YES;
				CLANG_WARN_EMPTY_BODY = YES;
				CLANG_WARN_ENUM_CONVERSION = YES;
				CLANG_WARN_INFINITE_RECURSION = YES;
				CLANG_WARN_INT_CONVERSION = YES;
				CLANG_WARN_OBJC_ROOT_CLASS = YES_ERROR;
				CLANG_WARN_SUSPICIOUS_MOVE = YES;
				CLANG_WARN_UNREACHABLE_CODE = YES;
				CLANG_WARN__DUPLICATE_METHOD_MATCH = YES;
				"CODE_SIGN_IDENTITY[sdk=iphoneos*]" = "iPhone Developer";
				COPY_PHASE_STRIP = NO;
				DEBUG_INFORMATION_FORMAT = dwarf;
				ENABLE_STRICT_OBJC_MSGSEND = YES;
				ENABLE_TESTABILITY = YES;
				GCC_C_LANGUAGE_STANDARD = gnu99;
				GCC_DYNAMIC_NO_PIC = NO;
				GCC_NO_COMMON_BLOCKS = YES;
				GCC_OPTIMIZATION_LEVEL = 0;
				GCC_PREPROCESSOR_DEFINITIONS = (
					"DEBUG=1",
					"$(inherited)",
				);
				GCC_WARN_64_TO_32_BIT_CONVERSION = YES;
				GCC_WARN_ABOUT_RETURN_TYPE = YES_ERROR;
				GCC_WARN_UNDECLARED_SELECTOR = YES;
				GCC_WARN_UNINITIALIZED_AUTOS = YES_AGGRESSIVE;
				GCC_WARN_UNUSED_FUNCTION = YES;
				GCC_WARN_UNUSED_VARIABLE = YES;
				IPHONEOS_DEPLOYMENT_TARGET = 10.3;
				MTL_ENABLE_DEBUG_INFO = YES;
				ONLY_ACTIVE_ARCH = YES;
				SDKROOT = iphoneos;
			};
			name = Debug;
		};
		859EE2E41FA72E7E00B48118 /* Release */ = {
			isa = XCBuildConfiguration;
			buildSettings = {
				ALWAYS_SEARCH_USER_PATHS = NO;
				CLANG_ANALYZER_NONNULL = YES;
				CLANG_ANALYZER_NUMBER_OBJECT_CONVERSION = YES_AGGRESSIVE;
				CLANG_CXX_LANGUAGE_STANDARD = "gnu++0x";
				CLANG_CXX_LIBRARY = "libc++";
				CLANG_ENABLE_MODULES = YES;
				CLANG_ENABLE_OBJC_ARC = YES;
				CLANG_WARN_BOOL_CONVERSION = YES;
				CLANG_WARN_CONSTANT_CONVERSION = YES;
				CLANG_WARN_DIRECT_OBJC_ISA_USAGE = YES_ERROR;
				CLANG_WARN_DOCUMENTATION_COMMENTS = YES;
				CLANG_WARN_EMPTY_BODY = YES;
				CLANG_WARN_ENUM_CONVERSION = YES;
				CLANG_WARN_INFINITE_RECURSION = YES;
				CLANG_WARN_INT_CONVERSION = YES;
				CLANG_WARN_OBJC_ROOT_CLASS = YES_ERROR;
				CLANG_WARN_SUSPICIOUS_MOVE = YES;
				CLANG_WARN_UNREACHABLE_CODE = YES;
				CLANG_WARN__DUPLICATE_METHOD_MATCH = YES;
				"CODE_SIGN_IDENTITY[sdk=iphoneos*]" = "iPhone Developer";
				COPY_PHASE_STRIP = NO;
				DEBUG_INFORMATION_FORMAT = "dwarf-with-dsym";
				ENABLE_NS_ASSERTIONS = NO;
				ENABLE_STRICT_OBJC_MSGSEND = YES;
				GCC_C_LANGUAGE_STANDARD = gnu99;
				GCC_NO_COMMON_BLOCKS = YES;
				GCC_WARN_64_TO_32_BIT_CONVERSION = YES;
				GCC_WARN_ABOUT_RETURN_TYPE = YES_ERROR;
				GCC_WARN_UNDECLARED_SELECTOR = YES;
				GCC_WARN_UNINITIALIZED_AUTOS = YES_AGGRESSIVE;
				GCC_WARN_UNUSED_FUNCTION = YES;
				GCC_WARN_UNUSED_VARIABLE = YES;
				IPHONEOS_DEPLOYMENT_TARGET = 10.3;
				MTL_ENABLE_DEBUG_INFO = NO;
				SDKROOT = iphoneos;
				VALIDATE_PRODUCT = YES;
			};
			name = Release;
		};
		859EE2E61FA72E7E00B48118 /* Debug */ = {
			isa = XCBuildConfiguration;
			buildSettings = {
				ASSETCATALOG_COMPILER_APPICON_NAME = AppIcon;
				DEVELOPMENT_TEAM = DKDGV92EG3;
				INFOPLIST_FILE = OLButton/Info.plist;
				LD_RUNPATH_SEARCH_PATHS = "$(inherited) @executable_path/Frameworks";
				PRODUCT_BUNDLE_IDENTIFIER = com.ucmed.ww.OLButton;
				PRODUCT_NAME = "$(TARGET_NAME)";
			};
			name = Debug;
		};
		859EE2E71FA72E7E00B48118 /* Release */ = {
			isa = XCBuildConfiguration;
			buildSettings = {
				ASSETCATALOG_COMPILER_APPICON_NAME = AppIcon;
				DEVELOPMENT_TEAM = DKDGV92EG3;
				INFOPLIST_FILE = OLButton/Info.plist;
				LD_RUNPATH_SEARCH_PATHS = "$(inherited) @executable_path/Frameworks";
				PRODUCT_BUNDLE_IDENTIFIER = com.ucmed.ww.OLButton;
				PRODUCT_NAME = "$(TARGET_NAME)";
			};
			name = Release;
		};
/* End XCBuildConfiguration section */

/* Begin XCConfigurationList section */
		859EE2C91FA72E7E00B48118 /* Build configuration list for PBXProject "OLButton" */ = {
			isa = XCConfigurationList;
			buildConfigurations = (
				859EE2E31FA72E7E00B48118 /* Debug */,
				859EE2E41FA72E7E00B48118 /* Release */,
			);
			defaultConfigurationIsVisible = 0;
			defaultConfigurationName = Release;
		};
		859EE2E51FA72E7E00B48118 /* Build configuration list for PBXNativeTarget "OLButton" */ = {
			isa = XCConfigurationList;
			buildConfigurations = (
				859EE2E61FA72E7E00B48118 /* Debug */,
				859EE2E71FA72E7E00B48118 /* Release */,
			);
			defaultConfigurationIsVisible = 0;
		};
/* End XCConfigurationList section */
	};
	rootObject = 859EE2C61FA72E7E00B48118 /* Project object */;
}
